schema: '2.0'
stages:
  data_ingestion:
    cmd: python src/data/data_ingestion.py
    deps:
    - path: src/data/data_ingestion.py
      hash: md5
      md5: bb90bfe1d3421ae80bc439a161d04e3e
      size: 3449
    params:
      params.yaml:
        data_ingestion.test_size: 0.2
    outs:
    - path: data/raw
      hash: md5
      md5: fb326d2eec197669f9638afde28356bf.dir
      size: 827973
      nfiles: 2
  data_preprocessing:
    cmd: python src/data/data_preprocessing.py
    deps:
    - path: data/raw
      hash: md5
      md5: fb326d2eec197669f9638afde28356bf.dir
      size: 827973
      nfiles: 2
    - path: src/data/data_preprocessing.py
      hash: md5
      md5: 2031843912c4af269f668db21e154783
      size: 3895
    outs:
    - path: data/interim
      hash: md5
      md5: ef37afd17951ea8af23114b28d26f784.dir
      size: 566210
      nfiles: 2
  feature_engineering:
    cmd: python src/features/feature_engineering.py
    deps:
    - path: data/interim
      hash: md5
      md5: ef37afd17951ea8af23114b28d26f784.dir
      size: 566210
      nfiles: 2
    - path: src/features/feature_engineering.py
      hash: md5
      md5: a4e2c9d9336aabf06653beacce87912e
      size: 3770
    params:
      params.yaml:
        feature_engineering.max_features: 4500
    outs:
    - path: data/processed
      hash: md5
      md5: dfe97a9bf70558caf7c917738e03d6c0.dir
      size: 93439916
      nfiles: 2
    - path: models/vectorizer.pkl
      hash: md5
      md5: 327dfd7b99cd74a13fe660a0e84fe52f
      size: 125408
  model_building:
    cmd: python src/model/model_building.py
    deps:
    - path: data/processed
      hash: md5
      md5: dfe97a9bf70558caf7c917738e03d6c0.dir
      size: 93439916
      nfiles: 2
    - path: src/model/model_building.py
      hash: md5
      md5: 4d89bb8181366c524ab585b55705b265
      size: 2298
    outs:
    - path: models/model.pkl
      hash: md5
      md5: 61f5218c327ce1524689ec7837355707
      size: 36717
  model_evaluation:
    cmd: python src/model/model_evaluation.py
    deps:
    - path: models/model.pkl
      hash: md5
      md5: 61f5218c327ce1524689ec7837355707
      size: 36717
    - path: src/model/model_evaluation.py
      hash: md5
      md5: 5e19a90cbce4d3ef300f0d2c8980f89d
      size: 5547
    outs:
    - path: reports/experiment_info.json
      hash: md5
      md5: 181d34aa61369152db6b6ef9bc879521
      size: 82
    - path: reports/metrics.json
      hash: md5
      md5: ac6082c79386ee418ffcd1800add7695
      size: 145
  model_registration:
    cmd: python src/model/register_model.py
    deps:
    - path: reports/experiment_info.json
      hash: md5
      md5: 181d34aa61369152db6b6ef9bc879521
      size: 82
    - path: src/model/register_model.py
      hash: md5
      md5: 812baab5d22864863aff40108292b23e
      size: 2847
